
Microsoft Visual Studio Solution File, Format Version 12.00
# Visual Studio Version 17
VisualStudioVersion = 17.7.34221.43
MinimumVisualStudioVersion = 10.0.40219.1
Project("{FAE04EC0-301F-11D3-BF4B-00C04F79EFBC}") = "MauiTODO", "MauiTODO\MauiTODO.csproj", "{51AADB17-2C5C-49B9-B157-8ABE0BFE4188}"
EndProject
Global
	GlobalSection(SolutionConfigurationPlatforms) = preSolution
		Debug|Any CPU = Debug|Any CPU
		Release|Any CPU = Release|Any CPU
	EndGlobalSection
	GlobalSection(ProjectConfigurationPlatforms) = postSolution
		{51AADB17-2C5C-49B9-B157-8ABE0BFE4188}.Debug|Any CPU.ActiveCfg = Debug|Any CPU
		{51AADB17-2C5C-49B9-B157-8ABE0BFE4188}.Debug|Any CPU.Build.0 = Debug|Any CPU
		{51AADB17-2C5C-49B9-B157-8ABE0BFE4188}.Debug|Any CPU.Deploy.0 = Debug|Any CPU
		{51AADB17-2C5C-49B9-B157-8ABE0BFE4188}.Release|Any CPU.ActiveCfg = Release|Any CPU
		{51AADB17-2C5C-49B9-B157-8ABE0BFE4188}.Release|Any CPU.Build.0 = Release|Any CPU
		{51AADB17-2C5C-49B9-B157-8ABE0BFE4188}.Release|Any CPU.Deploy.0 = Release|Any CPU
	EndGlobalSection
	GlobalSection(SolutionProperties) = preSolution
		HideSolutionNode = FALSE
	EndGlobalSection
	GlobalSection(ExtensibilityGlobals) = postSolution
		SolutionGuid = {B73F49D1-EF08-4C00-B151-A3C6615795CC}
	EndGlobalSection
EndGlobal
